
Microsoft Visual Studio Solution File, Format Version 12.00
# Visual Studio Version 16
VisualStudioVersion = 16.0.29920.165
MinimumVisualStudioVersion = 10.0.40219.1
Project("{FAE04EC0-301F-11D3-BF4B-00C04F79EFBC}") = "Wecker", "Wecker\Wecker.csproj", "{03686E28-9AE0-4865-A763-47E44C5BBE25}"
EndProject
Global
	GlobalSection(SolutionConfigurationPlatforms) = preSolution
		Debug|Any CPU = Debug|Any CPU
		Release|Any CPU = Release|Any CPU
	EndGlobalSection
	GlobalSection(ProjectConfigurationPlatforms) = postSolution
		{03686E28-9AE0-4865-A763-47E44C5BBE25}.Debug|Any CPU.ActiveCfg = Debug|Any CPU
		{03686E28-9AE0-4865-A763-47E44C5BBE25}.Debug|Any CPU.Build.0 = Debug|Any CPU
		{03686E28-9AE0-4865-A763-47E44C5BBE25}.Release|Any CPU.ActiveCfg = Release|Any CPU
		{03686E28-9AE0-4865-A763-47E44C5BBE25}.Release|Any CPU.Build.0 = Release|Any CPU
	EndGlobalSection
	GlobalSection(SolutionProperties) = preSolution
		HideSolutionNode = FALSE
	EndGlobalSection
	GlobalSection(ExtensibilityGlobals) = postSolution
		SolutionGuid = {0F1893E6-8965-41DD-BC6C-5234618E76D0}
	EndGlobalSection
EndGlobal
